
Microsoft Visual Studio Solution File, Format Version 12.00
# Visual Studio 2015
Project("{FAE04EC0-301F-11D3-BF4B-00C04F79EFBC}") = "LandmARk-Lens.Plugins", "LandmARk-Lens.Plugins.csproj", "{80ABE9CC-7DAC-3B24-7C98-89D73C85B051}"
EndProject
Project("{FAE04EC0-301F-11D3-BF4B-00C04F79EFBC}") = "LandmARk-Lens", "LandmARk-Lens.csproj", "{47A53866-D2C6-E260-25B6-30C6F23F5670}"
EndProject
Project("{FAE04EC0-301F-11D3-BF4B-00C04F79EFBC}") = "LandmARk-Lens.Editor", "LandmARk-Lens.Editor.csproj", "{D29E4C06-F7CB-7EEB-3193-74D41BB2B72C}"
EndProject
Global
	GlobalSection(SolutionConfigurationPlatforms) = preSolution
		Debug|Any CPU = Debug|Any CPU
		Release|Any CPU = Release|Any CPU
	EndGlobalSection
	GlobalSection(ProjectConfigurationPlatforms) = postSolution
		{80ABE9CC-7DAC-3B24-7C98-89D73C85B051}.Debug|Any CPU.ActiveCfg = Debug|Any CPU
		{80ABE9CC-7DAC-3B24-7C98-89D73C85B051}.Debug|Any CPU.Build.0 = Debug|Any CPU
		{80ABE9CC-7DAC-3B24-7C98-89D73C85B051}.Release|Any CPU.ActiveCfg = Release|Any CPU
		{80ABE9CC-7DAC-3B24-7C98-89D73C85B051}.Release|Any CPU.Build.0 = Release|Any CPU
		{47A53866-D2C6-E260-25B6-30C6F23F5670}.Debug|Any CPU.ActiveCfg = Debug|Any CPU
		{47A53866-D2C6-E260-25B6-30C6F23F5670}.Debug|Any CPU.Build.0 = Debug|Any CPU
		{47A53866-D2C6-E260-25B6-30C6F23F5670}.Release|Any CPU.ActiveCfg = Release|Any CPU
		{47A53866-D2C6-E260-25B6-30C6F23F5670}.Release|Any CPU.Build.0 = Release|Any CPU
		{D29E4C06-F7CB-7EEB-3193-74D41BB2B72C}.Debug|Any CPU.ActiveCfg = Debug|Any CPU
		{D29E4C06-F7CB-7EEB-3193-74D41BB2B72C}.Debug|Any CPU.Build.0 = Debug|Any CPU
		{D29E4C06-F7CB-7EEB-3193-74D41BB2B72C}.Release|Any CPU.ActiveCfg = Release|Any CPU
		{D29E4C06-F7CB-7EEB-3193-74D41BB2B72C}.Release|Any CPU.Build.0 = Release|Any CPU
	EndGlobalSection
	GlobalSection(SolutionProperties) = preSolution
		HideSolutionNode = FALSE
	EndGlobalSection
EndGlobal
