
Microsoft Visual Studio Solution File, Format Version 11.00
# Visual Studio 2010
Project("{FAE04EC0-301F-11D3-BF4B-00C04F79EFBC}") = "LandmARk-Lens", "Assembly-CSharp-firstpass.csproj", "{5BC7C459-99E4-927F-6758-0CED0DB212AA}"
EndProject
Project("{FAE04EC0-301F-11D3-BF4B-00C04F79EFBC}") = "LandmARk-Lens", "Assembly-CSharp.csproj", "{A4FB9598-B6B7-5F42-134C-ABA02A7C2AB0}"
EndProject
Project("{FAE04EC0-301F-11D3-BF4B-00C04F79EFBC}") = "LandmARk-Lens", "Assembly-CSharp-Editor.csproj", "{EA445132-4870-83FD-F413-854328D665F0}"
EndProject
Global
	GlobalSection(SolutionConfigurationPlatforms) = preSolution
		Debug|Any CPU = Debug|Any CPU
		Release|Any CPU = Release|Any CPU
	EndGlobalSection
	GlobalSection(ProjectConfigurationPlatforms) = postSolution
		{5BC7C459-99E4-927F-6758-0CED0DB212AA}.Debug|Any CPU.ActiveCfg = Debug|Any CPU
		{5BC7C459-99E4-927F-6758-0CED0DB212AA}.Debug|Any CPU.Build.0 = Debug|Any CPU
		{5BC7C459-99E4-927F-6758-0CED0DB212AA}.Release|Any CPU.ActiveCfg = Release|Any CPU
		{5BC7C459-99E4-927F-6758-0CED0DB212AA}.Release|Any CPU.Build.0 = Release|Any CPU
		{A4FB9598-B6B7-5F42-134C-ABA02A7C2AB0}.Debug|Any CPU.ActiveCfg = Debug|Any CPU
		{A4FB9598-B6B7-5F42-134C-ABA02A7C2AB0}.Debug|Any CPU.Build.0 = Debug|Any CPU
		{A4FB9598-B6B7-5F42-134C-ABA02A7C2AB0}.Release|Any CPU.ActiveCfg = Release|Any CPU
		{A4FB9598-B6B7-5F42-134C-ABA02A7C2AB0}.Release|Any CPU.Build.0 = Release|Any CPU
		{EA445132-4870-83FD-F413-854328D665F0}.Debug|Any CPU.ActiveCfg = Debug|Any CPU
		{EA445132-4870-83FD-F413-854328D665F0}.Debug|Any CPU.Build.0 = Debug|Any CPU
		{EA445132-4870-83FD-F413-854328D665F0}.Release|Any CPU.ActiveCfg = Release|Any CPU
		{EA445132-4870-83FD-F413-854328D665F0}.Release|Any CPU.Build.0 = Release|Any CPU
	EndGlobalSection
	GlobalSection(SolutionProperties) = preSolution
		HideSolutionNode = FALSE
	EndGlobalSection
	GlobalSection(MonoDevelopProperties) = preSolution
		StartupItem = Assembly-CSharp.csproj
	EndGlobalSection
EndGlobal
