
Microsoft Visual Studio Solution File, Format Version 12.00
# Visual Studio 14
VisualStudioVersion = 14.0.22512.0
MinimumVisualStudioVersion = 10.0.40219.1
Project("{FAE04EC0-301F-11D3-BF4B-00C04F79EFBC}") = "LandmARkLens", "LandmARkLens\LandmARkLens.csproj", "{13A45C13-3265-47B8-BC48-A553B569DF55}"
		{afc4e574-ea14-4f0d-947b-a5baeff7d9b3} = {afc4e574-ea14-4f0d-947b-a5baeff7d9b3}
		{755f27b2-83cc-46f6-b979-232d2dd388a2} = {755f27b2-83cc-46f6-b979-232d2dd388a2}
EndProject
Project("{FAE04EC0-301F-11D3-BF4B-00C04F79EFBC}") = "Assembly-CSharp", "C:\Users\Joon.Y.K\Desktop\GT\Projects\HoloLens\LandmARk Lens\Build\GeneratedProjects\UWP\Assembly-CSharp\Assembly-CSharp.csproj", "{afc4e574-ea14-4f0d-947b-a5baeff7d9b3}"
EndProject
Project("{FAE04EC0-301F-11D3-BF4B-00C04F79EFBC}") = "Assembly-CSharp-firstpass", "C:\Users\Joon.Y.K\Desktop\GT\Projects\HoloLens\LandmARk Lens\Build\GeneratedProjects\UWP\Assembly-CSharp-firstpass\Assembly-CSharp-firstpass.csproj", "{755f27b2-83cc-46f6-b979-232d2dd388a2}"
EndProject
Global
	GlobalSection(SolutionConfigurationPlatforms) = preSolution
		Debug|ARM = Debug|ARM
		Debug|x64 = Debug|x64
		Debug|x86 = Debug|x86
		Master|ARM = Master|ARM
		Master|x64 = Master|x64
		Master|x86 = Master|x86
		Release|ARM = Release|ARM
		Release|x64 = Release|x64
		Release|x86 = Release|x86
	EndGlobalSection
	GlobalSection(ProjectConfigurationPlatforms) = postSolution
		{13A45C13-3265-47B8-BC48-A553B569DF55}.Debug|ARM.ActiveCfg = Debug|ARM
		{13A45C13-3265-47B8-BC48-A553B569DF55}.Debug|ARM.Build.0 = Debug|ARM
		{13A45C13-3265-47B8-BC48-A553B569DF55}.Debug|ARM.Deploy.0 = Debug|ARM
		{13A45C13-3265-47B8-BC48-A553B569DF55}.Debug|x64.ActiveCfg = Debug|x64
		{13A45C13-3265-47B8-BC48-A553B569DF55}.Debug|x64.Build.0 = Debug|x64
		{13A45C13-3265-47B8-BC48-A553B569DF55}.Debug|x64.Deploy.0 = Debug|x64
		{13A45C13-3265-47B8-BC48-A553B569DF55}.Debug|x86.ActiveCfg = Debug|x86
		{13A45C13-3265-47B8-BC48-A553B569DF55}.Debug|x86.Build.0 = Debug|x86
		{13A45C13-3265-47B8-BC48-A553B569DF55}.Debug|x86.Deploy.0 = Debug|x86
		{13A45C13-3265-47B8-BC48-A553B569DF55}.Master|ARM.ActiveCfg = Master|ARM
		{13A45C13-3265-47B8-BC48-A553B569DF55}.Master|ARM.Build.0 = Master|ARM
		{13A45C13-3265-47B8-BC48-A553B569DF55}.Master|ARM.Deploy.0 = Master|ARM
		{13A45C13-3265-47B8-BC48-A553B569DF55}.Master|x64.ActiveCfg = Master|x64
		{13A45C13-3265-47B8-BC48-A553B569DF55}.Master|x64.Build.0 = Master|x64
		{13A45C13-3265-47B8-BC48-A553B569DF55}.Master|x64.Deploy.0 = Master|x64
		{13A45C13-3265-47B8-BC48-A553B569DF55}.Master|x86.ActiveCfg = Master|x86
		{13A45C13-3265-47B8-BC48-A553B569DF55}.Master|x86.Build.0 = Master|x86
		{13A45C13-3265-47B8-BC48-A553B569DF55}.Master|x86.Deploy.0 = Master|x86
		{13A45C13-3265-47B8-BC48-A553B569DF55}.Release|ARM.ActiveCfg = Release|ARM
		{13A45C13-3265-47B8-BC48-A553B569DF55}.Release|ARM.Build.0 = Release|ARM
		{13A45C13-3265-47B8-BC48-A553B569DF55}.Release|ARM.Deploy.0 = Release|ARM
		{13A45C13-3265-47B8-BC48-A553B569DF55}.Release|x64.ActiveCfg = Release|x64
		{13A45C13-3265-47B8-BC48-A553B569DF55}.Release|x64.Build.0 = Release|x64
		{13A45C13-3265-47B8-BC48-A553B569DF55}.Release|x64.Deploy.0 = Release|x64
		{13A45C13-3265-47B8-BC48-A553B569DF55}.Release|x86.ActiveCfg = Release|x86
		{13A45C13-3265-47B8-BC48-A553B569DF55}.Release|x86.Build.0 = Release|x86
		{13A45C13-3265-47B8-BC48-A553B569DF55}.Release|x86.Deploy.0 = Release|x86
		{afc4e574-ea14-4f0d-947b-a5baeff7d9b3}.Debug|x86.ActiveCfg = Debug|x86
		{afc4e574-ea14-4f0d-947b-a5baeff7d9b3}.Debug|x86.Build.0 = Debug|x86
		{afc4e574-ea14-4f0d-947b-a5baeff7d9b3}.Release|x86.ActiveCfg = Release|x86
		{afc4e574-ea14-4f0d-947b-a5baeff7d9b3}.Release|x86.Build.0 = Release|x86
		{afc4e574-ea14-4f0d-947b-a5baeff7d9b3}.Master|x86.ActiveCfg = Master|x86
		{afc4e574-ea14-4f0d-947b-a5baeff7d9b3}.Master|x86.Build.0 = Master|x86
		{afc4e574-ea14-4f0d-947b-a5baeff7d9b3}.Debug|x64.ActiveCfg = Debug|x64
		{afc4e574-ea14-4f0d-947b-a5baeff7d9b3}.Debug|x64.Build.0 = Debug|x64
		{afc4e574-ea14-4f0d-947b-a5baeff7d9b3}.Release|x64.ActiveCfg = Release|x64
		{afc4e574-ea14-4f0d-947b-a5baeff7d9b3}.Release|x64.Build.0 = Release|x64
		{afc4e574-ea14-4f0d-947b-a5baeff7d9b3}.Master|x64.ActiveCfg = Master|x64
		{afc4e574-ea14-4f0d-947b-a5baeff7d9b3}.Master|x64.Build.0 = Master|x64
		{afc4e574-ea14-4f0d-947b-a5baeff7d9b3}.Debug|ARM.ActiveCfg = Debug|ARM
		{afc4e574-ea14-4f0d-947b-a5baeff7d9b3}.Debug|ARM.Build.0 = Debug|ARM
		{afc4e574-ea14-4f0d-947b-a5baeff7d9b3}.Release|ARM.ActiveCfg = Release|ARM
		{afc4e574-ea14-4f0d-947b-a5baeff7d9b3}.Release|ARM.Build.0 = Release|ARM
		{afc4e574-ea14-4f0d-947b-a5baeff7d9b3}.Master|ARM.ActiveCfg = Master|ARM
		{afc4e574-ea14-4f0d-947b-a5baeff7d9b3}.Master|ARM.Build.0 = Master|ARM
		{755f27b2-83cc-46f6-b979-232d2dd388a2}.Debug|x86.ActiveCfg = Debug|x86
		{755f27b2-83cc-46f6-b979-232d2dd388a2}.Debug|x86.Build.0 = Debug|x86
		{755f27b2-83cc-46f6-b979-232d2dd388a2}.Release|x86.ActiveCfg = Release|x86
		{755f27b2-83cc-46f6-b979-232d2dd388a2}.Release|x86.Build.0 = Release|x86
		{755f27b2-83cc-46f6-b979-232d2dd388a2}.Master|x86.ActiveCfg = Master|x86
		{755f27b2-83cc-46f6-b979-232d2dd388a2}.Master|x86.Build.0 = Master|x86
		{755f27b2-83cc-46f6-b979-232d2dd388a2}.Debug|ARM.ActiveCfg = Debug|ARM
		{755f27b2-83cc-46f6-b979-232d2dd388a2}.Debug|ARM.Build.0 = Debug|ARM
		{755f27b2-83cc-46f6-b979-232d2dd388a2}.Release|ARM.ActiveCfg = Release|ARM
		{755f27b2-83cc-46f6-b979-232d2dd388a2}.Release|ARM.Build.0 = Release|ARM
		{755f27b2-83cc-46f6-b979-232d2dd388a2}.Master|ARM.ActiveCfg = Master|ARM
		{755f27b2-83cc-46f6-b979-232d2dd388a2}.Master|ARM.Build.0 = Master|ARM
 EndGlobalSection
	GlobalSection(SolutionProperties) = preSolution
		HideSolutionNode = FALSE
	EndGlobalSection
EndGlobal
